
Microsoft Visual Studio Solution File, Format Version 12.00
Project("{FAE04EC0-301F-11D3-BF4B-00C04F79EFBC}") = "WebApplication2", "WebApplication2\WebApplication2.csproj", "{DA9A9BEF-704C-4127-8F18-B1DFB3B099EB}"
EndProject
Global
	GlobalSection(SolutionConfigurationPlatforms) = preSolution
		Debug|Any CPU = Debug|Any CPU
		Release|Any CPU = Release|Any CPU
	EndGlobalSection
	GlobalSection(ProjectConfigurationPlatforms) = postSolution
		{DA9A9BEF-704C-4127-8F18-B1DFB3B099EB}.Debug|Any CPU.ActiveCfg = Debug|Any CPU
		{DA9A9BEF-704C-4127-8F18-B1DFB3B099EB}.Debug|Any CPU.Build.0 = Debug|Any CPU
		{DA9A9BEF-704C-4127-8F18-B1DFB3B099EB}.Release|Any CPU.ActiveCfg = Release|Any CPU
		{DA9A9BEF-704C-4127-8F18-B1DFB3B099EB}.Release|Any CPU.Build.0 = Release|Any CPU
	EndGlobalSection
EndGlobal
